// !$*UTF8*$!
{
	archiveVersion = 1;
	classes = {
	};
	objectVersion = 50;
	objects = {

/* Begin PBXBuildFile section */
		788C8B8520FF888200AC2DEC /* AppDelegate.swift in Sources */ = {isa = PBXBuildFile; fileRef = 788C8B8420FF888200AC2DEC /* AppDelegate.swift */; };
		788C8B8720FF888200AC2DEC /* ViewController.swift in Sources */ = {isa = PBXBuildFile; fileRef = 788C8B8620FF888200AC2DEC /* ViewController.swift */; };
		788C8B8A20FF888200AC2DEC /* Main.storyboard in Resources */ = {isa = PBXBuildFile; fileRef = 788C8B8820FF888200AC2DEC /* Main.storyboard */; };
		788C8B8C20FF888300AC2DEC /* Assets.xcassets in Resources */ = {isa = PBXBuildFile; fileRef = 788C8B8B20FF888300AC2DEC /* Assets.xcassets */; };
		788C8B8F20FF888300AC2DEC /* LaunchScreen.storyboard in Resources */ = {isa = PBXBuildFile; fileRef = 788C8B8D20FF888300AC2DEC /* LaunchScreen.storyboard */; };
/* End PBXBuildFile section */

/* Begin PBXFileReference section */
		788C8B8120FF888200AC2DEC /* Swift-Tutorial-Metronome.app */ = {isa = PBXFileReference; explicitFileType = wrapper.application; includeInIndex = 0; path = "Swift-Tutorial-Metronome.app"; sourceTree = BUILT_PRODUCTS_DIR; };
		788C8B8420FF888200AC2DEC /* AppDelegate.swift */ = {isa = PBXFileReference; lastKnownFileType = sourcecode.swift; path = AppDelegate.swift; sourceTree = "<group>"; };
		788C8B8620FF888200AC2DEC /* ViewController.swift */ = {isa = PBXFileReference; lastKnownFileType = sourcecode.swift; path = ViewController.swift; sourceTree = "<group>"; };
		788C8B8920FF888200AC2DEC /* Base */ = {isa = PBXFileReference; lastKnownFileType = file.storyboard; name = Base; path = Base.lproj/Main.storyboard; sourceTree = "<group>"; };
		788C8B8B20FF888300AC2DEC /* Assets.xcassets */ = {isa = PBXFileReference; lastKnownFileType = folder.assetcatalog; path = Assets.xcassets; sourceTree = "<group>"; };
		788C8B8E20FF888300AC2DEC /* Base */ = {isa = PBXFileReference; lastKnownFileType = file.storyboard; name = Base; path = Base.lproj/LaunchScreen.storyboard; sourceTree = "<group>"; };
		788C8B9020FF888300AC2DEC /* Info.plist */ = {isa = PBXFileReference; lastKnownFileType = text.plist.xml; path = Info.plist; sourceTree = "<group>"; };
/* End PBXFileReference section */

/* Begin PBXFrameworksBuildPhase section */
		788C8B7E20FF888200AC2DEC /* Frameworks */ = {
			isa = PBXFrameworksBuildPhase;
			buildActionMask = 2147483647;
			files = (
			);
			runOnlyForDeploymentPostprocessing = 0;
		};
/* End PBXFrameworksBuildPhase section */

/* Begin PBXGroup section */
		788C8B7820FF888200AC2DEC = {
			isa = PBXGroup;
			children = (
				788C8B8320FF888200AC2DEC /* Swift-Tutorial-Metronome */,
				788C8B8220FF888200AC2DEC /* Products */,
			);
			sourceTree = "<group>";
		};
		788C8B8220FF888200AC2DEC /* Products */ = {
			isa = PBXGroup;
			children = (
				788C8B8120FF888200AC2DEC /* Swift-Tutorial-Metronome.app */,
			);
			name = Products;
			sourceTree = "<group>";
		};
		788C8B8320FF888200AC2DEC /* Swift-Tutorial-Metronome */ = {
			isa = PBXGroup;
			children = (
				788C8B8420FF888200AC2DEC /* AppDelegate.swift */,
				788C8B8620FF888200AC2DEC /* ViewController.swift */,
				788C8B8820FF888200AC2DEC /* Main.storyboard */,
				788C8B8B20FF888300AC2DEC /* Assets.xcassets */,
				788C8B8D20FF888300AC2DEC /* LaunchScreen.storyboard */,
				788C8B9020FF888300AC2DEC /* Info.plist */,
			);
			path = "Swift-Tutorial-Metronome";
			sourceTree = "<group>";
		};
/* End PBXGroup section */

/* Begin PBXNativeTarget section */
		788C8B8020FF888200AC2DEC /* Swift-Tutorial-Metronome */ = {
			isa = PBXNativeTarget;
			buildConfigurationList = 788C8B9320FF888300AC2DEC /* Build configuration list for PBXNativeTarget "Swift-Tutorial-Metronome" */;
			buildPhases = (
				788C8B7D20FF888200AC2DEC /* Sources */,
				788C8B7E20FF888200AC2DEC /* Frameworks */,
				788C8B7F20FF888200AC2DEC /* Resources */,
			);
			buildRules = (
			);
			dependencies = (
			);
			name = "Swift-Tutorial-Metronome";
			productName = "Swift-Tutorial-Metronome";
			productReference = 788C8B8120FF888200AC2DEC /* Swift-Tutorial-Metronome.app */;
			productType = "com.apple.product-type.application";
		};
/* End PBXNativeTarget section */

/* Begin PBXProject section */
		788C8B7920FF888200AC2DEC /* Project object */ = {
			isa = PBXProject;
			attributes = {
				LastSwiftUpdateCheck = 0940;
				LastUpgradeCheck = 0940;
				ORGANIZATIONNAME = Soft.Io;
				TargetAttributes = {
					788C8B8020FF888200AC2DEC = {
						CreatedOnToolsVersion = 9.4.1;
					};
				};
			};
			buildConfigurationList = 788C8B7C20FF888200AC2DEC /* Build configuration list for PBXProject "Swift-Tutorial-Metronome" */;
			compatibilityVersion = "Xcode 9.3";
			developmentRegion = en;
			hasScannedForEncodings = 0;
			knownRegions = (
				en,
				Base,
			);
			mainGroup = 788C8B7820FF888200AC2DEC;
			productRefGroup = 788C8B8220FF888200AC2DEC /* Products */;
			projectDirPath = "";
			projectRoot = "";
			targets = (
				788C8B8020FF888200AC2DEC /* Swift-Tutorial-Metronome */,
			);
		};
/* End PBXProject section */

/* Begin PBXResourcesBuildPhase section */
		788C8B7F20FF888200AC2DEC /* Resources */ = {
			isa = PBXResourcesBuildPhase;
			buildActionMask = 2147483647;
			files = (
				788C8B8F20FF888300AC2DEC /* LaunchScreen.storyboard in Resources */,
				788C8B8C20FF888300AC2DEC /* Assets.xcassets in Resources */,
				788C8B8A20FF888200AC2DEC /* Main.storyboard in Resources */,
			);
			runOnlyForDeploymentPostprocessing = 0;
		};
/* End PBXResourcesBuildPhase section */

/* Begin PBXSourcesBuildPhase section */
		788C8B7D20FF888200AC2DEC /* Sources */ = {
			isa = PBXSourcesBuildPhase;
			buildActionMask = 2147483647;
			files = (
				788C8B8720FF888200AC2DEC /* ViewController.swift in Sources */,
				788C8B8520FF888200AC2DEC /* AppDelegate.swift in Sources */,
			);
			runOnlyForDeploymentPostprocessing = 0;
		};
/* End PBXSourcesBuildPhase section */

/* Begin PBXVariantGroup section */
		788C8B8820FF888200AC2DEC /* Main.storyboard */ = {
			isa = PBXVariantGroup;
			children = (
				788C8B8920FF888200AC2DEC /* Base */,
			);
			name = Main.storyboard;
			sourceTree = "<group>";
		};
		788C8B8D20FF888300AC2DEC /* LaunchScreen.storyboard */ = {
			isa = PBXVariantGroup;
			children = (
				788C8B8E20FF888300AC2DEC /* Base */,
			);
			name = LaunchScreen.storyboard;
			sourceTree = "<group>";
		};
/* End PBXVariantGroup section */

/* Begin XCBuildConfiguration section */
		788C8B9120FF888300AC2DEC /* Debug */ = {
			isa = XCBuildConfiguration;
			buildSettings = {
				ALWAYS_SEARCH_USER_PATHS = NO;
				CLANG_ANALYZER_NONNULL = YES;
				CLANG_ANALYZER_NUMBER_OBJECT_CONVERSION = YES_AGGRESSIVE;
				CLANG_CXX_LANGUAGE_STANDARD = "gnu++14";
				CLANG_CXX_LIBRARY = "libc++";
				CLANG_ENABLE_MODULES = YES;
				CLANG_ENABLE_OBJC_ARC = YES;
				CLANG_ENABLE_OBJC_WEAK = YES;
				CLANG_WARN_BLOCK_CAPTURE_AUTORELEASING = YES;
				CLANG_WARN_BOOL_CONVERSION = YES;
				CLANG_WARN_COMMA = YES;
				CLANG_WARN_CONSTANT_CONVERSION = YES;
				CLANG_WARN_DEPRECATED_OBJC_IMPLEMENTATIONS = YES;
				CLANG_WARN_DIRECT_OBJC_ISA_USAGE = YES_ERROR;
				CLANG_WARN_DOCUMENTATION_COMMENTS = YES;
				CLANG_WARN_EMPTY_BODY = YES;
				CLANG_WARN_ENUM_CONVERSION = YES;
				CLANG_WARN_INFINITE_RECURSION = YES;
				CLANG_WARN_INT_CONVERSION = YES;
				CLANG_WARN_NON_LITERAL_NULL_CONVERSION = YES;
				CLANG_WARN_OBJC_IMPLICIT_RETAIN_SELF = YES;
				CLANG_WARN_OBJC_LITERAL_CONVERSION = YES;
				CLANG_WARN_OBJC_ROOT_CLASS = YES_ERROR;
				CLANG_WARN_RANGE_LOOP_ANALYSIS = YES;
				CLANG_WARN_STRICT_PROTOTYPES = YES;
				CLANG_WARN_SUSPICIOUS_MOVE = YES;
				CLANG_WARN_UNGUARDED_AVAILABILITY = YES_AGGRESSIVE;
				CLANG_WARN_UNREACHABLE_CODE = YES;
				CLANG_WARN__DUPLICATE_METHOD_MATCH = YES;
				CODE_SIGN_IDENTITY = "iPhone Developer";
				COPY_PHASE_STRIP = NO;
				DEBUG_INFORMATION_FORMAT = dwarf;
				ENABLE_STRICT_OBJC_MSGSEND = YES;
				ENABLE_TESTABILITY = YES;
				GCC_C_LANGUAGE_STANDARD = gnu11;
				GCC_DYNAMIC_NO_PIC = NO;
				GCC_NO_COMMON_BLOCKS = YES;
				GCC_OPTIMIZATION_LEVEL = 0;
				GCC_PREPROCESSOR_DEFINITIONS = (
					"DEBUG=1",
					"$(inherited)",
				);
				GCC_WARN_64_TO_32_BIT_CONVERSION = YES;
				GCC_WARN_ABOUT_RETURN_TYPE = YES_ERROR;
				GCC_WARN_UNDECLARED_SELECTOR = YES;
				GCC_WARN_UNINITIALIZED_AUTOS = YES_AGGRESSIVE;
				GCC_WARN_UNUSED_FUNCTION = YES;
				GCC_WARN_UNUSED_VARIABLE = YES;
				IPHONEOS_DEPLOYMENT_TARGET = 11.4;
				MTL_ENABLE_DEBUG_INFO = YES;
				ONLY_ACTIVE_ARCH = YES;
				SDKROOT = iphoneos;
				SWIFT_ACTIVE_COMPILATION_CONDITIONS = DEBUG;
				SWIFT_OPTIMIZATION_LEVEL = "-Onone";
			};
			name = Debug;
		};
		788C8B9220FF888300AC2DEC /* Release */ = {
			isa = XCBuildConfiguration;
			buildSettings = {
				ALWAYS_SEARCH_USER_PATHS = NO;
				CLANG_ANALYZER_NONNULL = YES;
				CLANG_ANALYZER_NUMBER_OBJECT_CONVERSION = YES_AGGRESSIVE;
				CLANG_CXX_LANGUAGE_STANDARD = "gnu++14";
				CLANG_CXX_LIBRARY = "libc++";
				CLANG_ENABLE_MODULES = YES;
				CLANG_ENABLE_OBJC_ARC = YES;
				CLANG_ENABLE_OBJC_WEAK = YES;
				CLANG_WARN_BLOCK_CAPTURE_AUTORELEASING = YES;
				CLANG_WARN_BOOL_CONVERSION = YES;
				CLANG_WARN_COMMA = YES;
				CLANG_WARN_CONSTANT_CONVERSION = YES;
				CLANG_WARN_DEPRECATED_OBJC_IMPLEMENTATIONS = YES;
				CLANG_WARN_DIRECT_OBJC_ISA_USAGE = YES_ERROR;
				CLANG_WARN_DOCUMENTATION_COMMENTS = YES;
				CLANG_WARN_EMPTY_BODY = YES;
				CLANG_WARN_ENUM_CONVERSION = YES;
				CLANG_WARN_INFINITE_RECURSION = YES;
				CLANG_WARN_INT_CONVERSION = YES;
				CLANG_WARN_NON_LITERAL_NULL_CONVERSION = YES;
				CLANG_WARN_OBJC_IMPLICIT_RETAIN_SELF = YES;
				CLANG_WARN_OBJC_LITERAL_CONVERSION = YES;
				CLANG_WARN_OBJC_ROOT_CLASS = YES_ERROR;
				CLANG_WARN_RANGE_LOOP_ANALYSIS = YES;
				CLANG_WARN_STRICT_PROTOTYPES = YES;
				CLANG_WARN_SUSPICIOUS_MOVE = YES;
				CLANG_WARN_UNGUARDED_AVAILABILITY = YES_AGGRESSIVE;
				CLANG_WARN_UNREACHABLE_CODE = YES;
				CLANG_WARN__DUPLICATE_METHOD_MATCH = YES;
				CODE_SIGN_IDENTITY = "iPhone Developer";
				COPY_PHASE_STRIP = NO;
				DEBUG_INFORMATION_FORMAT = "dwarf-with-dsym";
				ENABLE_NS_ASSERTIONS = NO;
				ENABLE_STRICT_OBJC_MSGSEND = YES;
				GCC_C_LANGUAGE_STANDARD = gnu11;
				GCC_NO_COMMON_BLOCKS = YES;
				GCC_WARN_64_TO_32_BIT_CONVERSION = YES;
				GCC_WARN_ABOUT_RETURN_TYPE = YES_ERROR;
				GCC_WARN_UNDECLARED_SELECTOR = YES;
				GCC_WARN_UNINITIALIZED_AUTOS = YES_AGGRESSIVE;
				GCC_WARN_UNUSED_FUNCTION = YES;
				GCC_WARN_UNUSED_VARIABLE = YES;
				IPHONEOS_DEPLOYMENT_TARGET = 11.4;
				MTL_ENABLE_DEBUG_INFO = NO;
				SDKROOT = iphoneos;
				SWIFT_COMPILATION_MODE = wholemodule;
				SWIFT_OPTIMIZATION_LEVEL = "-O";
				VALIDATE_PRODUCT = YES;
			};
			name = Release;
		};
		788C8B9420FF888300AC2DEC /* Debug */ = {
			isa = XCBuildConfiguration;
			buildSettings = {
				ASSETCATALOG_COMPILER_APPICON_NAME = AppIcon;
				CODE_SIGN_STYLE = Automatic;
				DEVELOPMENT_TEAM = WKB9M744MQ;
				INFOPLIST_FILE = "Swift-Tutorial-Metronome/Info.plist";
				LD_RUNPATH_SEARCH_PATHS = (
					"$(inherited)",
					"@executable_path/Frameworks",
				);
				PRODUCT_BUNDLE_IDENTIFIER = "io.soft.Swift-Tutorial-Metronome";
				PRODUCT_NAME = "$(TARGET_NAME)";
				SWIFT_VERSION = 4.0;
				TARGETED_DEVICE_FAMILY = "1,2";
			};
			name = Debug;
		};
		788C8B9520FF888300AC2DEC /* Release */ = {
			isa = XCBuildConfiguration;
			buildSettings = {
				ASSETCATALOG_COMPILER_APPICON_NAME = AppIcon;
				CODE_SIGN_STYLE = Automatic;
				DEVELOPMENT_TEAM = WKB9M744MQ;
				INFOPLIST_FILE = "Swift-Tutorial-Metronome/Info.plist";
				LD_RUNPATH_SEARCH_PATHS = (
					"$(inherited)",
					"@executable_path/Frameworks",
				);
				PRODUCT_BUNDLE_IDENTIFIER = "io.soft.Swift-Tutorial-Metronome";
				PRODUCT_NAME = "$(TARGET_NAME)";
				SWIFT_VERSION = 4.0;
				TARGETED_DEVICE_FAMILY = "1,2";
			};
			name = Release;
		};
/* End XCBuildConfiguration section */

/* Begin XCConfigurationList section */
		788C8B7C20FF888200AC2DEC /* Build configuration list for PBXProject "Swift-Tutorial-Metronome" */ = {
			isa = XCConfigurationList;
			buildConfigurations = (
				788C8B9120FF888300AC2DEC /* Debug */,
				788C8B9220FF888300AC2DEC /* Release */,
			);
			defaultConfigurationIsVisible = 0;
			defaultConfigurationName = Release;
		};
		788C8B9320FF888300AC2DEC /* Build configuration list for PBXNativeTarget "Swift-Tutorial-Metronome" */ = {
			isa = XCConfigurationList;
			buildConfigurations = (
				788C8B9420FF888300AC2DEC /* Debug */,
				788C8B9520FF888300AC2DEC /* Release */,
			);
			defaultConfigurationIsVisible = 0;
			defaultConfigurationName = Release;
		};
/* End XCConfigurationList section */
	};
	rootObject = 788C8B7920FF888200AC2DEC /* Project object */;
}
